
Microsoft Visual Studio Solution File, Format Version 12.00
# Visual Studio 14
VisualStudioVersion = 14.0.25420.1
MinimumVisualStudioVersion = 10.0.40219.1
Project("{8BC9CEB8-8B4A-11D0-8D11-00A0C91BC942}") = "l1", "l1\l1.vcxproj", "{1BAE9B11-7011-49F1-840D-4ADC1A370616}"
EndProject
Project("{8BC9CEB8-8B4A-11D0-8D11-00A0C91BC942}") = "l2", "l2\l2.vcxproj", "{390CC484-CD00-4E58-B0C1-F20DE61122B3}"
EndProject
Project("{8BC9CEB8-8B4A-11D0-8D11-00A0C91BC942}") = "l6", "l6\l6.vcxproj", "{35B1D5D5-8172-4781-B8B2-734F7BD084A0}"
EndProject
Project("{8BC9CEB8-8B4A-11D0-8D11-00A0C91BC942}") = "l7", "l7\l7.vcxproj", "{F6D656A6-5D5D-4FAA-8CF5-7CE06041E45C}"
EndProject
Project("{8BC9CEB8-8B4A-11D0-8D11-00A0C91BC942}") = "l8", "l8\l8.vcxproj", "{D6527113-810B-443E-9C52-AAAEDA711F92}"
EndProject
Project("{8BC9CEB8-8B4A-11D0-8D11-00A0C91BC942}") = "l9", "l9\l9.vcxproj", "{84C2EB2E-8544-443F-9F46-311C63F96B45}"
EndProject
Project("{8BC9CEB8-8B4A-11D0-8D11-00A0C91BC942}") = "l10", "l10\l10.vcxproj", "{8790F323-6F81-47B6-978F-EB8F00711524}"
EndProject
Project("{8BC9CEB8-8B4A-11D0-8D11-00A0C91BC942}") = "l11", "l11\l11.vcxproj", "{6431AC94-987D-4CED-97E8-A3CFD0855D13}"
EndProject
Project("{8BC9CEB8-8B4A-11D0-8D11-00A0C91BC942}") = "l13", "l13\l13.vcxproj", "{FF89DF2F-3BDC-4382-8400-528F672BAEB2}"
EndProject
Global
	GlobalSection(SolutionConfigurationPlatforms) = preSolution
		Debug|x64 = Debug|x64
		Debug|x86 = Debug|x86
		Release|x64 = Release|x64
		Release|x86 = Release|x86
	EndGlobalSection
	GlobalSection(ProjectConfigurationPlatforms) = postSolution
		{1BAE9B11-7011-49F1-840D-4ADC1A370616}.Debug|x64.ActiveCfg = Debug|x64
		{1BAE9B11-7011-49F1-840D-4ADC1A370616}.Debug|x64.Build.0 = Debug|x64
		{1BAE9B11-7011-49F1-840D-4ADC1A370616}.Debug|x86.ActiveCfg = Debug|Win32
		{1BAE9B11-7011-49F1-840D-4ADC1A370616}.Debug|x86.Build.0 = Debug|Win32
		{1BAE9B11-7011-49F1-840D-4ADC1A370616}.Release|x64.ActiveCfg = Release|x64
		{1BAE9B11-7011-49F1-840D-4ADC1A370616}.Release|x64.Build.0 = Release|x64
		{1BAE9B11-7011-49F1-840D-4ADC1A370616}.Release|x86.ActiveCfg = Release|Win32
		{1BAE9B11-7011-49F1-840D-4ADC1A370616}.Release|x86.Build.0 = Release|Win32
		{390CC484-CD00-4E58-B0C1-F20DE61122B3}.Debug|x64.ActiveCfg = Debug|x64
		{390CC484-CD00-4E58-B0C1-F20DE61122B3}.Debug|x64.Build.0 = Debug|x64
		{390CC484-CD00-4E58-B0C1-F20DE61122B3}.Debug|x86.ActiveCfg = Debug|Win32
		{390CC484-CD00-4E58-B0C1-F20DE61122B3}.Debug|x86.Build.0 = Debug|Win32
		{390CC484-CD00-4E58-B0C1-F20DE61122B3}.Release|x64.ActiveCfg = Release|x64
		{390CC484-CD00-4E58-B0C1-F20DE61122B3}.Release|x64.Build.0 = Release|x64
		{390CC484-CD00-4E58-B0C1-F20DE61122B3}.Release|x86.ActiveCfg = Release|Win32
		{390CC484-CD00-4E58-B0C1-F20DE61122B3}.Release|x86.Build.0 = Release|Win32
		{35B1D5D5-8172-4781-B8B2-734F7BD084A0}.Debug|x64.ActiveCfg = Debug|x64
		{35B1D5D5-8172-4781-B8B2-734F7BD084A0}.Debug|x64.Build.0 = Debug|x64
		{35B1D5D5-8172-4781-B8B2-734F7BD084A0}.Debug|x86.ActiveCfg = Debug|Win32
		{35B1D5D5-8172-4781-B8B2-734F7BD084A0}.Debug|x86.Build.0 = Debug|Win32
		{35B1D5D5-8172-4781-B8B2-734F7BD084A0}.Release|x64.ActiveCfg = Release|x64
		{35B1D5D5-8172-4781-B8B2-734F7BD084A0}.Release|x64.Build.0 = Release|x64
		{35B1D5D5-8172-4781-B8B2-734F7BD084A0}.Release|x86.ActiveCfg = Release|Win32
		{35B1D5D5-8172-4781-B8B2-734F7BD084A0}.Release|x86.Build.0 = Release|Win32
		{F6D656A6-5D5D-4FAA-8CF5-7CE06041E45C}.Debug|x64.ActiveCfg = Debug|x64
		{F6D656A6-5D5D-4FAA-8CF5-7CE06041E45C}.Debug|x64.Build.0 = Debug|x64
		{F6D656A6-5D5D-4FAA-8CF5-7CE06041E45C}.Debug|x86.ActiveCfg = Debug|Win32
		{F6D656A6-5D5D-4FAA-8CF5-7CE06041E45C}.Debug|x86.Build.0 = Debug|Win32
		{F6D656A6-5D5D-4FAA-8CF5-7CE06041E45C}.Release|x64.ActiveCfg = Release|x64
		{F6D656A6-5D5D-4FAA-8CF5-7CE06041E45C}.Release|x64.Build.0 = Release|x64
		{F6D656A6-5D5D-4FAA-8CF5-7CE06041E45C}.Release|x86.ActiveCfg = Release|Win32
		{F6D656A6-5D5D-4FAA-8CF5-7CE06041E45C}.Release|x86.Build.0 = Release|Win32
		{D6527113-810B-443E-9C52-AAAEDA711F92}.Debug|x64.ActiveCfg = Debug|x64
		{D6527113-810B-443E-9C52-AAAEDA711F92}.Debug|x64.Build.0 = Debug|x64
		{D6527113-810B-443E-9C52-AAAEDA711F92}.Debug|x86.ActiveCfg = Debug|Win32
		{D6527113-810B-443E-9C52-AAAEDA711F92}.Debug|x86.Build.0 = Debug|Win32
		{D6527113-810B-443E-9C52-AAAEDA711F92}.Release|x64.ActiveCfg = Release|x64
		{D6527113-810B-443E-9C52-AAAEDA711F92}.Release|x64.Build.0 = Release|x64
		{D6527113-810B-443E-9C52-AAAEDA711F92}.Release|x86.ActiveCfg = Release|Win32
		{D6527113-810B-443E-9C52-AAAEDA711F92}.Release|x86.Build.0 = Release|Win32
		{84C2EB2E-8544-443F-9F46-311C63F96B45}.Debug|x64.ActiveCfg = Debug|x64
		{84C2EB2E-8544-443F-9F46-311C63F96B45}.Debug|x64.Build.0 = Debug|x64
		{84C2EB2E-8544-443F-9F46-311C63F96B45}.Debug|x86.ActiveCfg = Debug|Win32
		{84C2EB2E-8544-443F-9F46-311C63F96B45}.Debug|x86.Build.0 = Debug|Win32
		{84C2EB2E-8544-443F-9F46-311C63F96B45}.Release|x64.ActiveCfg = Release|x64
		{84C2EB2E-8544-443F-9F46-311C63F96B45}.Release|x64.Build.0 = Release|x64
		{84C2EB2E-8544-443F-9F46-311C63F96B45}.Release|x86.ActiveCfg = Release|Win32
		{84C2EB2E-8544-443F-9F46-311C63F96B45}.Release|x86.Build.0 = Release|Win32
		{8790F323-6F81-47B6-978F-EB8F00711524}.Debug|x64.ActiveCfg = Debug|x64
		{8790F323-6F81-47B6-978F-EB8F00711524}.Debug|x64.Build.0 = Debug|x64
		{8790F323-6F81-47B6-978F-EB8F00711524}.Debug|x86.ActiveCfg = Debug|Win32
		{8790F323-6F81-47B6-978F-EB8F00711524}.Debug|x86.Build.0 = Debug|Win32
		{8790F323-6F81-47B6-978F-EB8F00711524}.Release|x64.ActiveCfg = Release|x64
		{8790F323-6F81-47B6-978F-EB8F00711524}.Release|x64.Build.0 = Release|x64
		{8790F323-6F81-47B6-978F-EB8F00711524}.Release|x86.ActiveCfg = Release|Win32
		{8790F323-6F81-47B6-978F-EB8F00711524}.Release|x86.Build.0 = Release|Win32
		{6431AC94-987D-4CED-97E8-A3CFD0855D13}.Debug|x64.ActiveCfg = Debug|x64
		{6431AC94-987D-4CED-97E8-A3CFD0855D13}.Debug|x64.Build.0 = Debug|x64
		{6431AC94-987D-4CED-97E8-A3CFD0855D13}.Debug|x86.ActiveCfg = Debug|Win32
		{6431AC94-987D-4CED-97E8-A3CFD0855D13}.Debug|x86.Build.0 = Debug|Win32
		{6431AC94-987D-4CED-97E8-A3CFD0855D13}.Release|x64.ActiveCfg = Release|x64
		{6431AC94-987D-4CED-97E8-A3CFD0855D13}.Release|x64.Build.0 = Release|x64
		{6431AC94-987D-4CED-97E8-A3CFD0855D13}.Release|x86.ActiveCfg = Release|Win32
		{6431AC94-987D-4CED-97E8-A3CFD0855D13}.Release|x86.Build.0 = Release|Win32
		{FF89DF2F-3BDC-4382-8400-528F672BAEB2}.Debug|x64.ActiveCfg = Debug|x64
		{FF89DF2F-3BDC-4382-8400-528F672BAEB2}.Debug|x64.Build.0 = Debug|x64
		{FF89DF2F-3BDC-4382-8400-528F672BAEB2}.Debug|x86.ActiveCfg = Debug|Win32
		{FF89DF2F-3BDC-4382-8400-528F672BAEB2}.Debug|x86.Build.0 = Debug|Win32
		{FF89DF2F-3BDC-4382-8400-528F672BAEB2}.Release|x64.ActiveCfg = Release|x64
		{FF89DF2F-3BDC-4382-8400-528F672BAEB2}.Release|x64.Build.0 = Release|x64
		{FF89DF2F-3BDC-4382-8400-528F672BAEB2}.Release|x86.ActiveCfg = Release|Win32
		{FF89DF2F-3BDC-4382-8400-528F672BAEB2}.Release|x86.Build.0 = Release|Win32
	EndGlobalSection
	GlobalSection(SolutionProperties) = preSolution
		HideSolutionNode = FALSE
	EndGlobalSection
EndGlobal
